// !$*UTF8*$!
{
	archiveVersion = 1;
	classes = {
	};
	objectVersion = 46;
	objects = {

/* Begin PBXBuildFile section */
		4A99996D19917859001A0ADA /* HomeViewController.swift in Sources */ = {isa = PBXBuildFile; fileRef = 4A99996B19917859001A0ADA /* HomeViewController.swift */; };
		4A99996E19917859001A0ADA /* ImageViewController.swift in Sources */ = {isa = PBXBuildFile; fileRef = 4A99996C19917859001A0ADA /* ImageViewController.swift */; };
		4A9999701991A2D0001A0ADA /* PublishViewController.swift in Sources */ = {isa = PBXBuildFile; fileRef = 4A99996F1991A2D0001A0ADA /* PublishViewController.swift */; };
		4AB3243D19902F9900E94DB4 /* AppDelegate.swift in Sources */ = {isa = PBXBuildFile; fileRef = 4AB3243C19902F9900E94DB4 /* AppDelegate.swift */; };
		4AB3244219902F9900E94DB4 /* Main.storyboard in Resources */ = {isa = PBXBuildFile; fileRef = 4AB3244019902F9900E94DB4 /* Main.storyboard */; };
		4AB3244419902F9900E94DB4 /* Images.xcassets in Resources */ = {isa = PBXBuildFile; fileRef = 4AB3244319902F9900E94DB4 /* Images.xcassets */; };
		4AB3245019902F9900E94DB4 /* ClassroomTests.swift in Sources */ = {isa = PBXBuildFile; fileRef = 4AB3244F19902F9900E94DB4 /* ClassroomTests.swift */; };
/* End PBXBuildFile section */

/* Begin PBXContainerItemProxy section */
		4AB3244A19902F9900E94DB4 /* PBXContainerItemProxy */ = {
			isa = PBXContainerItemProxy;
			containerPortal = 4AB3242F19902F9900E94DB4 /* Project object */;
			proxyType = 1;
			remoteGlobalIDString = 4AB3243619902F9900E94DB4;
			remoteInfo = Classroom;
		};
/* End PBXContainerItemProxy section */

/* Begin PBXFileReference section */
		4A99996B19917859001A0ADA /* HomeViewController.swift */ = {isa = PBXFileReference; fileEncoding = 4; lastKnownFileType = sourcecode.swift; path = HomeViewController.swift; sourceTree = "<group>"; };
		4A99996C19917859001A0ADA /* ImageViewController.swift */ = {isa = PBXFileReference; fileEncoding = 4; lastKnownFileType = sourcecode.swift; path = ImageViewController.swift; sourceTree = "<group>"; };
		4A99996F1991A2D0001A0ADA /* PublishViewController.swift */ = {isa = PBXFileReference; fileEncoding = 4; lastKnownFileType = sourcecode.swift; path = PublishViewController.swift; sourceTree = "<group>"; };
		4AB3243719902F9900E94DB4 /* Open Door.app */ = {isa = PBXFileReference; explicitFileType = wrapper.application; includeInIndex = 0; path = "Open Door.app"; sourceTree = BUILT_PRODUCTS_DIR; };
		4AB3243B19902F9900E94DB4 /* Info.plist */ = {isa = PBXFileReference; lastKnownFileType = text.plist.xml; path = Info.plist; sourceTree = "<group>"; };
		4AB3243C19902F9900E94DB4 /* AppDelegate.swift */ = {isa = PBXFileReference; lastKnownFileType = sourcecode.swift; path = AppDelegate.swift; sourceTree = "<group>"; };
		4AB3244119902F9900E94DB4 /* Base */ = {isa = PBXFileReference; lastKnownFileType = file.storyboard; name = Base; path = Base.lproj/Main.storyboard; sourceTree = "<group>"; };
		4AB3244319902F9900E94DB4 /* Images.xcassets */ = {isa = PBXFileReference; lastKnownFileType = folder.assetcatalog; path = Images.xcassets; sourceTree = "<group>"; };
		4AB3244919902F9900E94DB4 /* Open DoorTests.xctest */ = {isa = PBXFileReference; explicitFileType = wrapper.cfbundle; includeInIndex = 0; path = "Open DoorTests.xctest"; sourceTree = BUILT_PRODUCTS_DIR; };
		4AB3244E19902F9900E94DB4 /* Info.plist */ = {isa = PBXFileReference; lastKnownFileType = text.plist.xml; path = Info.plist; sourceTree = "<group>"; };
		4AB3244F19902F9900E94DB4 /* ClassroomTests.swift */ = {isa = PBXFileReference; lastKnownFileType = sourcecode.swift; path = ClassroomTests.swift; sourceTree = "<group>"; };
/* End PBXFileReference section */

/* Begin PBXFrameworksBuildPhase section */
		4AB3243419902F9900E94DB4 /* Frameworks */ = {
			isa = PBXFrameworksBuildPhase;
			buildActionMask = 2147483647;
			files = (
			);
			runOnlyForDeploymentPostprocessing = 0;
		};
		4AB3244619902F9900E94DB4 /* Frameworks */ = {
			isa = PBXFrameworksBuildPhase;
			buildActionMask = 2147483647;
			files = (
			);
			runOnlyForDeploymentPostprocessing = 0;
		};
/* End PBXFrameworksBuildPhase section */

/* Begin PBXGroup section */
		4AB3242E19902F9900E94DB4 = {
			isa = PBXGroup;
			children = (
				4AB3243919902F9900E94DB4 /* Classroom */,
				4AB3244C19902F9900E94DB4 /* ClassroomTests */,
				4AB3243819902F9900E94DB4 /* Products */,
			);
			sourceTree = "<group>";
		};
		4AB3243819902F9900E94DB4 /* Products */ = {
			isa = PBXGroup;
			children = (
				4AB3243719902F9900E94DB4 /* Open Door.app */,
				4AB3244919902F9900E94DB4 /* Open DoorTests.xctest */,
			);
			name = Products;
			sourceTree = "<group>";
		};
		4AB3243919902F9900E94DB4 /* Classroom */ = {
			isa = PBXGroup;
			children = (
				4A99996B19917859001A0ADA /* HomeViewController.swift */,
				4A99996C19917859001A0ADA /* ImageViewController.swift */,
				4A99996F1991A2D0001A0ADA /* PublishViewController.swift */,
				4AB3243C19902F9900E94DB4 /* AppDelegate.swift */,
				4AB3244019902F9900E94DB4 /* Main.storyboard */,
				4AB3244319902F9900E94DB4 /* Images.xcassets */,
				4AB3243A19902F9900E94DB4 /* Supporting Files */,
			);
			path = Classroom;
			sourceTree = "<group>";
		};
		4AB3243A19902F9900E94DB4 /* Supporting Files */ = {
			isa = PBXGroup;
			children = (
				4AB3243B19902F9900E94DB4 /* Info.plist */,
			);
			name = "Supporting Files";
			sourceTree = "<group>";
		};
		4AB3244C19902F9900E94DB4 /* ClassroomTests */ = {
			isa = PBXGroup;
			children = (
				4AB3244F19902F9900E94DB4 /* ClassroomTests.swift */,
				4AB3244D19902F9900E94DB4 /* Supporting Files */,
			);
			path = ClassroomTests;
			sourceTree = "<group>";
		};
		4AB3244D19902F9900E94DB4 /* Supporting Files */ = {
			isa = PBXGroup;
			children = (
				4AB3244E19902F9900E94DB4 /* Info.plist */,
			);
			name = "Supporting Files";
			sourceTree = "<group>";
		};
/* End PBXGroup section */

/* Begin PBXNativeTarget section */
		4AB3243619902F9900E94DB4 /* Open Door */ = {
			isa = PBXNativeTarget;
			buildConfigurationList = 4AB3245319902F9900E94DB4 /* Build configuration list for PBXNativeTarget "Open Door" */;
			buildPhases = (
				4AB3243319902F9900E94DB4 /* Sources */,
				4AB3243419902F9900E94DB4 /* Frameworks */,
				4AB3243519902F9900E94DB4 /* Resources */,
			);
			buildRules = (
			);
			dependencies = (
			);
			name = "Open Door";
			productName = Classroom;
			productReference = 4AB3243719902F9900E94DB4 /* Open Door.app */;
			productType = "com.apple.product-type.application";
		};
		4AB3244819902F9900E94DB4 /* Open DoorTests */ = {
			isa = PBXNativeTarget;
			buildConfigurationList = 4AB3245619902F9900E94DB4 /* Build configuration list for PBXNativeTarget "Open DoorTests" */;
			buildPhases = (
				4AB3244519902F9900E94DB4 /* Sources */,
				4AB3244619902F9900E94DB4 /* Frameworks */,
				4AB3244719902F9900E94DB4 /* Resources */,
			);
			buildRules = (
			);
			dependencies = (
				4AB3244B19902F9900E94DB4 /* PBXTargetDependency */,
			);
			name = "Open DoorTests";
			productName = ClassroomTests;
			productReference = 4AB3244919902F9900E94DB4 /* Open DoorTests.xctest */;
			productType = "com.apple.product-type.bundle.unit-test";
		};
/* End PBXNativeTarget section */

/* Begin PBXProject section */
		4AB3242F19902F9900E94DB4 /* Project object */ = {
			isa = PBXProject;
			attributes = {
				LastUpgradeCheck = 0600;
				ORGANIZATIONNAME = "BloomBoard, Inc";
				TargetAttributes = {
					4AB3243619902F9900E94DB4 = {
						CreatedOnToolsVersion = 6.0;
					};
					4AB3244819902F9900E94DB4 = {
						CreatedOnToolsVersion = 6.0;
						TestTargetID = 4AB3243619902F9900E94DB4;
					};
				};
			};
			buildConfigurationList = 4AB3243219902F9900E94DB4 /* Build configuration list for PBXProject "Open Door" */;
			compatibilityVersion = "Xcode 3.2";
			developmentRegion = English;
			hasScannedForEncodings = 0;
			knownRegions = (
				en,
				Base,
			);
			mainGroup = 4AB3242E19902F9900E94DB4;
			productRefGroup = 4AB3243819902F9900E94DB4 /* Products */;
			projectDirPath = "";
			projectRoot = "";
			targets = (
				4AB3243619902F9900E94DB4 /* Open Door */,
				4AB3244819902F9900E94DB4 /* Open DoorTests */,
			);
		};
/* End PBXProject section */

/* Begin PBXResourcesBuildPhase section */
		4AB3243519902F9900E94DB4 /* Resources */ = {
			isa = PBXResourcesBuildPhase;
			buildActionMask = 2147483647;
			files = (
				4AB3244219902F9900E94DB4 /* Main.storyboard in Resources */,
				4AB3244419902F9900E94DB4 /* Images.xcassets in Resources */,
			);
			runOnlyForDeploymentPostprocessing = 0;
		};
		4AB3244719902F9900E94DB4 /* Resources */ = {
			isa = PBXResourcesBuildPhase;
			buildActionMask = 2147483647;
			files = (
			);
			runOnlyForDeploymentPostprocessing = 0;
		};
/* End PBXResourcesBuildPhase section */

/* Begin PBXSourcesBuildPhase section */
		4AB3243319902F9900E94DB4 /* Sources */ = {
			isa = PBXSourcesBuildPhase;
			buildActionMask = 2147483647;
			files = (
				4A9999701991A2D0001A0ADA /* PublishViewController.swift in Sources */,
				4AB3243D19902F9900E94DB4 /* AppDelegate.swift in Sources */,
				4A99996E19917859001A0ADA /* ImageViewController.swift in Sources */,
				4A99996D19917859001A0ADA /* HomeViewController.swift in Sources */,
			);
			runOnlyForDeploymentPostprocessing = 0;
		};
		4AB3244519902F9900E94DB4 /* Sources */ = {
			isa = PBXSourcesBuildPhase;
			buildActionMask = 2147483647;
			files = (
				4AB3245019902F9900E94DB4 /* ClassroomTests.swift in Sources */,
			);
			runOnlyForDeploymentPostprocessing = 0;
		};
/* End PBXSourcesBuildPhase section */

/* Begin PBXTargetDependency section */
		4AB3244B19902F9900E94DB4 /* PBXTargetDependency */ = {
			isa = PBXTargetDependency;
			target = 4AB3243619902F9900E94DB4 /* Open Door */;
			targetProxy = 4AB3244A19902F9900E94DB4 /* PBXContainerItemProxy */;
		};
/* End PBXTargetDependency section */

/* Begin PBXVariantGroup section */
		4AB3244019902F9900E94DB4 /* Main.storyboard */ = {
			isa = PBXVariantGroup;
			children = (
				4AB3244119902F9900E94DB4 /* Base */,
			);
			name = Main.storyboard;
			sourceTree = "<group>";
		};
/* End PBXVariantGroup section */

/* Begin XCBuildConfiguration section */
		4AB3245119902F9900E94DB4 /* Debug */ = {
			isa = XCBuildConfiguration;
			buildSettings = {
				ALWAYS_SEARCH_USER_PATHS = NO;
				CLANG_CXX_LANGUAGE_STANDARD = "gnu++0x";
				CLANG_CXX_LIBRARY = "libc++";
				CLANG_ENABLE_MODULES = YES;
				CLANG_ENABLE_OBJC_ARC = YES;
				CLANG_WARN_BOOL_CONVERSION = YES;
				CLANG_WARN_CONSTANT_CONVERSION = YES;
				CLANG_WARN_DIRECT_OBJC_ISA_USAGE = YES_ERROR;
				CLANG_WARN_EMPTY_BODY = YES;
				CLANG_WARN_ENUM_CONVERSION = YES;
				CLANG_WARN_INT_CONVERSION = YES;
				CLANG_WARN_OBJC_ROOT_CLASS = YES_ERROR;
				CLANG_WARN_UNREACHABLE_CODE = YES;
				CLANG_WARN__DUPLICATE_METHOD_MATCH = YES;
				"CODE_SIGN_IDENTITY[sdk=iphoneos*]" = "iPhone Developer";
				COPY_PHASE_STRIP = NO;
				ENABLE_STRICT_OBJC_MSGSEND = YES;
				GCC_C_LANGUAGE_STANDARD = gnu99;
				GCC_DYNAMIC_NO_PIC = NO;
				GCC_OPTIMIZATION_LEVEL = 0;
				GCC_PREPROCESSOR_DEFINITIONS = (
					"DEBUG=1",
					"$(inherited)",
				);
				GCC_SYMBOLS_PRIVATE_EXTERN = NO;
				GCC_WARN_64_TO_32_BIT_CONVERSION = YES;
				GCC_WARN_ABOUT_RETURN_TYPE = YES_ERROR;
				GCC_WARN_UNDECLARED_SELECTOR = YES;
				GCC_WARN_UNINITIALIZED_AUTOS = YES_AGGRESSIVE;
				GCC_WARN_UNUSED_FUNCTION = YES;
				GCC_WARN_UNUSED_VARIABLE = YES;
				IPHONEOS_DEPLOYMENT_TARGET = 8.0;
				MTL_ENABLE_DEBUG_INFO = YES;
				ONLY_ACTIVE_ARCH = YES;
				SDKROOT = iphoneos;
				SWIFT_OPTIMIZATION_LEVEL = "-Onone";
				TARGETED_DEVICE_FAMILY = 2;
			};
			name = Debug;
		};
		4AB3245219902F9900E94DB4 /* Release */ = {
			isa = XCBuildConfiguration;
			buildSettings = {
				ALWAYS_SEARCH_USER_PATHS = NO;
				CLANG_CXX_LANGUAGE_STANDARD = "gnu++0x";
				CLANG_CXX_LIBRARY = "libc++";
				CLANG_ENABLE_MODULES = YES;
				CLANG_ENABLE_OBJC_ARC = YES;
				CLANG_WARN_BOOL_CONVERSION = YES;
				CLANG_WARN_CONSTANT_CONVERSION = YES;
				CLANG_WARN_DIRECT_OBJC_ISA_USAGE = YES_ERROR;
				CLANG_WARN_EMPTY_BODY = YES;
				CLANG_WARN_ENUM_CONVERSION = YES;
				CLANG_WARN_INT_CONVERSION = YES;
				CLANG_WARN_OBJC_ROOT_CLASS = YES_ERROR;
				CLANG_WARN_UNREACHABLE_CODE = YES;
				CLANG_WARN__DUPLICATE_METHOD_MATCH = YES;
				"CODE_SIGN_IDENTITY[sdk=iphoneos*]" = "iPhone Developer";
				COPY_PHASE_STRIP = YES;
				ENABLE_NS_ASSERTIONS = NO;
				ENABLE_STRICT_OBJC_MSGSEND = YES;
				GCC_C_LANGUAGE_STANDARD = gnu99;
				GCC_WARN_64_TO_32_BIT_CONVERSION = YES;
				GCC_WARN_ABOUT_RETURN_TYPE = YES_ERROR;
				GCC_WARN_UNDECLARED_SELECTOR = YES;
				GCC_WARN_UNINITIALIZED_AUTOS = YES_AGGRESSIVE;
				GCC_WARN_UNUSED_FUNCTION = YES;
				GCC_WARN_UNUSED_VARIABLE = YES;
				IPHONEOS_DEPLOYMENT_TARGET = 8.0;
				MTL_ENABLE_DEBUG_INFO = NO;
				SDKROOT = iphoneos;
				TARGETED_DEVICE_FAMILY = 2;
				VALIDATE_PRODUCT = YES;
			};
			name = Release;
		};
		4AB3245419902F9900E94DB4 /* Debug */ = {
			isa = XCBuildConfiguration;
			buildSettings = {
				ASSETCATALOG_COMPILER_APPICON_NAME = AppIcon;
				ASSETCATALOG_COMPILER_LAUNCHIMAGE_NAME = LaunchImage;
				CODE_SIGN_IDENTITY = "iPhone Developer";
				INFOPLIST_FILE = Classroom/Info.plist;
				IPHONEOS_DEPLOYMENT_TARGET = 7.1;
				LD_RUNPATH_SEARCH_PATHS = "$(inherited) @executable_path/Frameworks";
				PRODUCT_NAME = "Open Door";
				TARGETED_DEVICE_FAMILY = 1;
			};
			name = Debug;
		};
		4AB3245519902F9900E94DB4 /* Release */ = {
			isa = XCBuildConfiguration;
			buildSettings = {
				ASSETCATALOG_COMPILER_APPICON_NAME = AppIcon;
				ASSETCATALOG_COMPILER_LAUNCHIMAGE_NAME = LaunchImage;
				CODE_SIGN_IDENTITY = "iPhone Developer";
				INFOPLIST_FILE = Classroom/Info.plist;
				IPHONEOS_DEPLOYMENT_TARGET = 7.1;
				LD_RUNPATH_SEARCH_PATHS = "$(inherited) @executable_path/Frameworks";
				PRODUCT_NAME = "Open Door";
				TARGETED_DEVICE_FAMILY = 1;
			};
			name = Release;
		};
		4AB3245719902F9900E94DB4 /* Debug */ = {
			isa = XCBuildConfiguration;
			buildSettings = {
				BUNDLE_LOADER = "$(BUILT_PRODUCTS_DIR)/Classroom.app/Classroom";
				FRAMEWORK_SEARCH_PATHS = (
					"$(SDKROOT)/Developer/Library/Frameworks",
					"$(inherited)",
				);
				GCC_PREPROCESSOR_DEFINITIONS = (
					"DEBUG=1",
					"$(inherited)",
				);
				INFOPLIST_FILE = ClassroomTests/Info.plist;
				LD_RUNPATH_SEARCH_PATHS = "$(inherited) @executable_path/Frameworks @loader_path/Frameworks";
				PRODUCT_NAME = "Open DoorTests";
				TEST_HOST = "$(BUNDLE_LOADER)";
			};
			name = Debug;
		};
		4AB3245819902F9900E94DB4 /* Release */ = {
			isa = XCBuildConfiguration;
			buildSettings = {
				BUNDLE_LOADER = "$(BUILT_PRODUCTS_DIR)/Classroom.app/Classroom";
				FRAMEWORK_SEARCH_PATHS = (
					"$(SDKROOT)/Developer/Library/Frameworks",
					"$(inherited)",
				);
				INFOPLIST_FILE = ClassroomTests/Info.plist;
				LD_RUNPATH_SEARCH_PATHS = "$(inherited) @executable_path/Frameworks @loader_path/Frameworks";
				PRODUCT_NAME = "Open DoorTests";
				TEST_HOST = "$(BUNDLE_LOADER)";
			};
			name = Release;
		};
/* End XCBuildConfiguration section */

/* Begin XCConfigurationList section */
		4AB3243219902F9900E94DB4 /* Build configuration list for PBXProject "Open Door" */ = {
			isa = XCConfigurationList;
			buildConfigurations = (
				4AB3245119902F9900E94DB4 /* Debug */,
				4AB3245219902F9900E94DB4 /* Release */,
			);
			defaultConfigurationIsVisible = 0;
			defaultConfigurationName = Release;
		};
		4AB3245319902F9900E94DB4 /* Build configuration list for PBXNativeTarget "Open Door" */ = {
			isa = XCConfigurationList;
			buildConfigurations = (
				4AB3245419902F9900E94DB4 /* Debug */,
				4AB3245519902F9900E94DB4 /* Release */,
			);
			defaultConfigurationIsVisible = 0;
			defaultConfigurationName = Release;
		};
		4AB3245619902F9900E94DB4 /* Build configuration list for PBXNativeTarget "Open DoorTests" */ = {
			isa = XCConfigurationList;
			buildConfigurations = (
				4AB3245719902F9900E94DB4 /* Debug */,
				4AB3245819902F9900E94DB4 /* Release */,
			);
			defaultConfigurationIsVisible = 0;
			defaultConfigurationName = Release;
		};
/* End XCConfigurationList section */
	};
	rootObject = 4AB3242F19902F9900E94DB4 /* Project object */;
}
